// !$*UTF8*$!
{
	archiveVersion = 1;
	classes = {
	};
	objectVersion = 55;
	objects = {

/* Begin PBXBuildFile section */
		985C5C9827D33A3900686F34 /* Date+Extension.swift in Sources */ = {isa = PBXBuildFile; fileRef = 985C5C9727D33A3900686F34 /* Date+Extension.swift */; };
		985C5C9A27D33B9600686F34 /* Int+Extension.swift.swift in Sources */ = {isa = PBXBuildFile; fileRef = 985C5C9927D33B9600686F34 /* Int+Extension.swift.swift */; };
		985C5C9D27D33D5400686F34 /* Preference.swift in Sources */ = {isa = PBXBuildFile; fileRef = 985C5C9C27D33D5400686F34 /* Preference.swift */; };
		985C5C9F27D33D9500686F34 /* UserDefaults.swift in Sources */ = {isa = PBXBuildFile; fileRef = 985C5C9E27D33D9500686F34 /* UserDefaults.swift */; };
		985C5CA127D33E9F00686F34 /* Bool+Exntension.swift in Sources */ = {isa = PBXBuildFile; fileRef = 985C5CA027D33E9F00686F34 /* Bool+Exntension.swift */; };
		985C5CA327D33ED300686F34 /* NSMenu+Extension.swift in Sources */ = {isa = PBXBuildFile; fileRef = 985C5CA227D33ED300686F34 /* NSMenu+Extension.swift */; };
		985C5CA527D3436F00686F34 /* DockIcon.swift in Sources */ = {isa = PBXBuildFile; fileRef = 985C5CA427D3436F00686F34 /* DockIcon.swift */; };
		985C5CA727D3459A00686F34 /* Reminder.swift in Sources */ = {isa = PBXBuildFile; fileRef = 985C5CA627D3459A00686F34 /* Reminder.swift */; };
		985C5CA927D34DD800686F34 /* NewMinderVC.swift in Sources */ = {isa = PBXBuildFile; fileRef = 985C5CA827D34DD800686F34 /* NewMinderVC.swift */; };
		985C5CAB27D34F5000686F34 /* WindowManager.swift in Sources */ = {isa = PBXBuildFile; fileRef = 985C5CAA27D34F5000686F34 /* WindowManager.swift */; };
		98A00EB027D3349D0009B7AD /* AppDelegate.swift in Sources */ = {isa = PBXBuildFile; fileRef = 98A00EAF27D3349D0009B7AD /* AppDelegate.swift */; };
		98A00EB227D3349D0009B7AD /* ViewController.swift in Sources */ = {isa = PBXBuildFile; fileRef = 98A00EB127D3349D0009B7AD /* ViewController.swift */; };
		98A00EB427D3349E0009B7AD /* Assets.xcassets in Resources */ = {isa = PBXBuildFile; fileRef = 98A00EB327D3349E0009B7AD /* Assets.xcassets */; };
		98A00EB727D3349E0009B7AD /* Main.storyboard in Resources */ = {isa = PBXBuildFile; fileRef = 98A00EB527D3349E0009B7AD /* Main.storyboard */; };
		98A00EC227D3349F0009B7AD /* ClockTests.swift in Sources */ = {isa = PBXBuildFile; fileRef = 98A00EC127D3349F0009B7AD /* ClockTests.swift */; };
		98A00ECC27D3349F0009B7AD /* ClockUITests.swift in Sources */ = {isa = PBXBuildFile; fileRef = 98A00ECB27D3349F0009B7AD /* ClockUITests.swift */; };
		98A00ECE27D3349F0009B7AD /* ClockUITestsLaunchTests.swift in Sources */ = {isa = PBXBuildFile; fileRef = 98A00ECD27D3349F0009B7AD /* ClockUITestsLaunchTests.swift */; };
/* End PBXBuildFile section */

/* Begin PBXContainerItemProxy section */
		98A00EBE27D3349F0009B7AD /* PBXContainerItemProxy */ = {
			isa = PBXContainerItemProxy;
			containerPortal = 98A00EA427D3349D0009B7AD /* Project object */;
			proxyType = 1;
			remoteGlobalIDString = 98A00EAB27D3349D0009B7AD;
			remoteInfo = Clock;
		};
		98A00EC827D3349F0009B7AD /* PBXContainerItemProxy */ = {
			isa = PBXContainerItemProxy;
			containerPortal = 98A00EA427D3349D0009B7AD /* Project object */;
			proxyType = 1;
			remoteGlobalIDString = 98A00EAB27D3349D0009B7AD;
			remoteInfo = Clock;
		};
/* End PBXContainerItemProxy section */

/* Begin PBXFileReference section */
		985C5C9727D33A3900686F34 /* Date+Extension.swift */ = {isa = PBXFileReference; lastKnownFileType = sourcecode.swift; path = "Date+Extension.swift"; sourceTree = "<group>"; };
		985C5C9927D33B9600686F34 /* Int+Extension.swift.swift */ = {isa = PBXFileReference; lastKnownFileType = sourcecode.swift; path = "Int+Extension.swift.swift"; sourceTree = "<group>"; };
		985C5C9C27D33D5400686F34 /* Preference.swift */ = {isa = PBXFileReference; lastKnownFileType = sourcecode.swift; path = Preference.swift; sourceTree = "<group>"; };
		985C5C9E27D33D9500686F34 /* UserDefaults.swift */ = {isa = PBXFileReference; lastKnownFileType = sourcecode.swift; path = UserDefaults.swift; sourceTree = "<group>"; };
		985C5CA027D33E9F00686F34 /* Bool+Exntension.swift */ = {isa = PBXFileReference; lastKnownFileType = sourcecode.swift; path = "Bool+Exntension.swift"; sourceTree = "<group>"; };
		985C5CA227D33ED300686F34 /* NSMenu+Extension.swift */ = {isa = PBXFileReference; lastKnownFileType = sourcecode.swift; path = "NSMenu+Extension.swift"; sourceTree = "<group>"; };
		985C5CA427D3436F00686F34 /* DockIcon.swift */ = {isa = PBXFileReference; lastKnownFileType = sourcecode.swift; path = DockIcon.swift; sourceTree = "<group>"; };
		985C5CA627D3459A00686F34 /* Reminder.swift */ = {isa = PBXFileReference; lastKnownFileType = sourcecode.swift; path = Reminder.swift; sourceTree = "<group>"; };
		985C5CA827D34DD800686F34 /* NewMinderVC.swift */ = {isa = PBXFileReference; lastKnownFileType = sourcecode.swift; path = NewMinderVC.swift; sourceTree = "<group>"; };
		985C5CAA27D34F5000686F34 /* WindowManager.swift */ = {isa = PBXFileReference; lastKnownFileType = sourcecode.swift; path = WindowManager.swift; sourceTree = "<group>"; };
		98A00EAC27D3349D0009B7AD /* Clock.app */ = {isa = PBXFileReference; explicitFileType = wrapper.application; includeInIndex = 0; path = Clock.app; sourceTree = BUILT_PRODUCTS_DIR; };
		98A00EAF27D3349D0009B7AD /* AppDelegate.swift */ = {isa = PBXFileReference; lastKnownFileType = sourcecode.swift; path = AppDelegate.swift; sourceTree = "<group>"; };
		98A00EB127D3349D0009B7AD /* ViewController.swift */ = {isa = PBXFileReference; lastKnownFileType = sourcecode.swift; path = ViewController.swift; sourceTree = "<group>"; };
		98A00EB327D3349E0009B7AD /* Assets.xcassets */ = {isa = PBXFileReference; lastKnownFileType = folder.assetcatalog; path = Assets.xcassets; sourceTree = "<group>"; };
		98A00EB627D3349E0009B7AD /* Base */ = {isa = PBXFileReference; lastKnownFileType = file.storyboard; name = Base; path = Base.lproj/Main.storyboard; sourceTree = "<group>"; };
		98A00EB827D3349E0009B7AD /* Clock.entitlements */ = {isa = PBXFileReference; lastKnownFileType = text.plist.entitlements; path = Clock.entitlements; sourceTree = "<group>"; };
		98A00EBD27D3349F0009B7AD /* ClockTests.xctest */ = {isa = PBXFileReference; explicitFileType = wrapper.cfbundle; includeInIndex = 0; path = ClockTests.xctest; sourceTree = BUILT_PRODUCTS_DIR; };
		98A00EC127D3349F0009B7AD /* ClockTests.swift */ = {isa = PBXFileReference; lastKnownFileType = sourcecode.swift; path = ClockTests.swift; sourceTree = "<group>"; };
		98A00EC727D3349F0009B7AD /* ClockUITests.xctest */ = {isa = PBXFileReference; explicitFileType = wrapper.cfbundle; includeInIndex = 0; path = ClockUITests.xctest; sourceTree = BUILT_PRODUCTS_DIR; };
		98A00ECB27D3349F0009B7AD /* ClockUITests.swift */ = {isa = PBXFileReference; lastKnownFileType = sourcecode.swift; path = ClockUITests.swift; sourceTree = "<group>"; };
		98A00ECD27D3349F0009B7AD /* ClockUITestsLaunchTests.swift */ = {isa = PBXFileReference; lastKnownFileType = sourcecode.swift; path = ClockUITestsLaunchTests.swift; sourceTree = "<group>"; };
/* End PBXFileReference section */

/* Begin PBXFrameworksBuildPhase section */
		98A00EA927D3349D0009B7AD /* Frameworks */ = {
			isa = PBXFrameworksBuildPhase;
			buildActionMask = 2147483647;
			files = (
			);
			runOnlyForDeploymentPostprocessing = 0;
		};
		98A00EBA27D3349F0009B7AD /* Frameworks */ = {
			isa = PBXFrameworksBuildPhase;
			buildActionMask = 2147483647;
			files = (
			);
			runOnlyForDeploymentPostprocessing = 0;
		};
		98A00EC427D3349F0009B7AD /* Frameworks */ = {
			isa = PBXFrameworksBuildPhase;
			buildActionMask = 2147483647;
			files = (
			);
			runOnlyForDeploymentPostprocessing = 0;
		};
/* End PBXFrameworksBuildPhase section */

/* Begin PBXGroup section */
		985C5C9627D33A2800686F34 /* Extension */ = {
			isa = PBXGroup;
			children = (
				985C5C9727D33A3900686F34 /* Date+Extension.swift */,
				985C5C9927D33B9600686F34 /* Int+Extension.swift.swift */,
				985C5C9E27D33D9500686F34 /* UserDefaults.swift */,
				985C5CA027D33E9F00686F34 /* Bool+Exntension.swift */,
				985C5CA227D33ED300686F34 /* NSMenu+Extension.swift */,
			);
			path = Extension;
			sourceTree = "<group>";
		};
		985C5C9B27D33D4400686F34 /* Scene */ = {
			isa = PBXGroup;
			children = (
				985C5C9C27D33D5400686F34 /* Preference.swift */,
				985C5CA427D3436F00686F34 /* DockIcon.swift */,
				985C5CA627D3459A00686F34 /* Reminder.swift */,
				985C5CA827D34DD800686F34 /* NewMinderVC.swift */,
				985C5CAA27D34F5000686F34 /* WindowManager.swift */,
			);
			path = Scene;
			sourceTree = "<group>";
		};
		98A00EA327D3349D0009B7AD = {
			isa = PBXGroup;
			children = (
				98A00EAE27D3349D0009B7AD /* Clock */,
				98A00EC027D3349F0009B7AD /* ClockTests */,
				98A00ECA27D3349F0009B7AD /* ClockUITests */,
				98A00EAD27D3349D0009B7AD /* Products */,
			);
			sourceTree = "<group>";
		};
		98A00EAD27D3349D0009B7AD /* Products */ = {
			isa = PBXGroup;
			children = (
				98A00EAC27D3349D0009B7AD /* Clock.app */,
				98A00EBD27D3349F0009B7AD /* ClockTests.xctest */,
				98A00EC727D3349F0009B7AD /* ClockUITests.xctest */,
			);
			name = Products;
			sourceTree = "<group>";
		};
		98A00EAE27D3349D0009B7AD /* Clock */ = {
			isa = PBXGroup;
			children = (
				985C5C9B27D33D4400686F34 /* Scene */,
				985C5C9627D33A2800686F34 /* Extension */,
				98A00EAF27D3349D0009B7AD /* AppDelegate.swift */,
				98A00EB127D3349D0009B7AD /* ViewController.swift */,
				98A00EB327D3349E0009B7AD /* Assets.xcassets */,
				98A00EB527D3349E0009B7AD /* Main.storyboard */,
				98A00EB827D3349E0009B7AD /* Clock.entitlements */,
			);
			path = Clock;
			sourceTree = "<group>";
		};
		98A00EC027D3349F0009B7AD /* ClockTests */ = {
			isa = PBXGroup;
			children = (
				98A00EC127D3349F0009B7AD /* ClockTests.swift */,
			);
			path = ClockTests;
			sourceTree = "<group>";
		};
		98A00ECA27D3349F0009B7AD /* ClockUITests */ = {
			isa = PBXGroup;
			children = (
				98A00ECB27D3349F0009B7AD /* ClockUITests.swift */,
				98A00ECD27D3349F0009B7AD /* ClockUITestsLaunchTests.swift */,
			);
			path = ClockUITests;
			sourceTree = "<group>";
		};
/* End PBXGroup section */

/* Begin PBXNativeTarget section */
		98A00EAB27D3349D0009B7AD /* Clock */ = {
			isa = PBXNativeTarget;
			buildConfigurationList = 98A00ED127D3349F0009B7AD /* Build configuration list for PBXNativeTarget "Clock" */;
			buildPhases = (
				98A00EA827D3349D0009B7AD /* Sources */,
				98A00EA927D3349D0009B7AD /* Frameworks */,
				98A00EAA27D3349D0009B7AD /* Resources */,
			);
			buildRules = (
			);
			dependencies = (
			);
			name = Clock;
			productName = Clock;
			productReference = 98A00EAC27D3349D0009B7AD /* Clock.app */;
			productType = "com.apple.product-type.application";
		};
		98A00EBC27D3349F0009B7AD /* ClockTests */ = {
			isa = PBXNativeTarget;
			buildConfigurationList = 98A00ED427D3349F0009B7AD /* Build configuration list for PBXNativeTarget "ClockTests" */;
			buildPhases = (
				98A00EB927D3349F0009B7AD /* Sources */,
				98A00EBA27D3349F0009B7AD /* Frameworks */,
				98A00EBB27D3349F0009B7AD /* Resources */,
			);
			buildRules = (
			);
			dependencies = (
				98A00EBF27D3349F0009B7AD /* PBXTargetDependency */,
			);
			name = ClockTests;
			productName = ClockTests;
			productReference = 98A00EBD27D3349F0009B7AD /* ClockTests.xctest */;
			productType = "com.apple.product-type.bundle.unit-test";
		};
		98A00EC627D3349F0009B7AD /* ClockUITests */ = {
			isa = PBXNativeTarget;
			buildConfigurationList = 98A00ED727D3349F0009B7AD /* Build configuration list for PBXNativeTarget "ClockUITests" */;
			buildPhases = (
				98A00EC327D3349F0009B7AD /* Sources */,
				98A00EC427D3349F0009B7AD /* Frameworks */,
				98A00EC527D3349F0009B7AD /* Resources */,
			);
			buildRules = (
			);
			dependencies = (
				98A00EC927D3349F0009B7AD /* PBXTargetDependency */,
			);
			name = ClockUITests;
			productName = ClockUITests;
			productReference = 98A00EC727D3349F0009B7AD /* ClockUITests.xctest */;
			productType = "com.apple.product-type.bundle.ui-testing";
		};
/* End PBXNativeTarget section */

/* Begin PBXProject section */
		98A00EA427D3349D0009B7AD /* Project object */ = {
			isa = PBXProject;
			attributes = {
				BuildIndependentTargetsInParallel = 1;
				LastSwiftUpdateCheck = 1320;
				LastUpgradeCheck = 1320;
				TargetAttributes = {
					98A00EAB27D3349D0009B7AD = {
						CreatedOnToolsVersion = 13.2.1;
					};
					98A00EBC27D3349F0009B7AD = {
						CreatedOnToolsVersion = 13.2.1;
						TestTargetID = 98A00EAB27D3349D0009B7AD;
					};
					98A00EC627D3349F0009B7AD = {
						CreatedOnToolsVersion = 13.2.1;
						TestTargetID = 98A00EAB27D3349D0009B7AD;
					};
				};
			};
			buildConfigurationList = 98A00EA727D3349D0009B7AD /* Build configuration list for PBXProject "Clock" */;
			compatibilityVersion = "Xcode 13.0";
			developmentRegion = en;
			hasScannedForEncodings = 0;
			knownRegions = (
				en,
				Base,
			);
			mainGroup = 98A00EA327D3349D0009B7AD;
			productRefGroup = 98A00EAD27D3349D0009B7AD /* Products */;
			projectDirPath = "";
			projectRoot = "";
			targets = (
				98A00EAB27D3349D0009B7AD /* Clock */,
				98A00EBC27D3349F0009B7AD /* ClockTests */,
				98A00EC627D3349F0009B7AD /* ClockUITests */,
			);
		};
/* End PBXProject section */

/* Begin PBXResourcesBuildPhase section */
		98A00EAA27D3349D0009B7AD /* Resources */ = {
			isa = PBXResourcesBuildPhase;
			buildActionMask = 2147483647;
			files = (
				98A00EB427D3349E0009B7AD /* Assets.xcassets in Resources */,
				98A00EB727D3349E0009B7AD /* Main.storyboard in Resources */,
			);
			runOnlyForDeploymentPostprocessing = 0;
		};
		98A00EBB27D3349F0009B7AD /* Resources */ = {
			isa = PBXResourcesBuildPhase;
			buildActionMask = 2147483647;
			files = (
			);
			runOnlyForDeploymentPostprocessing = 0;
		};
		98A00EC527D3349F0009B7AD /* Resources */ = {
			isa = PBXResourcesBuildPhase;
			buildActionMask = 2147483647;
			files = (
			);
			runOnlyForDeploymentPostprocessing = 0;
		};
/* End PBXResourcesBuildPhase section */

/* Begin PBXSourcesBuildPhase section */
		98A00EA827D3349D0009B7AD /* Sources */ = {
			isa = PBXSourcesBuildPhase;
			buildActionMask = 2147483647;
			files = (
				985C5CA927D34DD800686F34 /* NewMinderVC.swift in Sources */,
				985C5C9D27D33D5400686F34 /* Preference.swift in Sources */,
				98A00EB227D3349D0009B7AD /* ViewController.swift in Sources */,
				985C5C9F27D33D9500686F34 /* UserDefaults.swift in Sources */,
				985C5CA127D33E9F00686F34 /* Bool+Exntension.swift in Sources */,
				985C5CAB27D34F5000686F34 /* WindowManager.swift in Sources */,
				98A00EB027D3349D0009B7AD /* AppDelegate.swift in Sources */,
				985C5C9A27D33B9600686F34 /* Int+Extension.swift.swift in Sources */,
				985C5C9827D33A3900686F34 /* Date+Extension.swift in Sources */,
				985C5CA327D33ED300686F34 /* NSMenu+Extension.swift in Sources */,
				985C5CA527D3436F00686F34 /* DockIcon.swift in Sources */,
				985C5CA727D3459A00686F34 /* Reminder.swift in Sources */,
			);
			runOnlyForDeploymentPostprocessing = 0;
		};
		98A00EB927D3349F0009B7AD /* Sources */ = {
			isa = PBXSourcesBuildPhase;
			buildActionMask = 2147483647;
			files = (
				98A00EC227D3349F0009B7AD /* ClockTests.swift in Sources */,
			);
			runOnlyForDeploymentPostprocessing = 0;
		};
		98A00EC327D3349F0009B7AD /* Sources */ = {
			isa = PBXSourcesBuildPhase;
			buildActionMask = 2147483647;
			files = (
				98A00ECC27D3349F0009B7AD /* ClockUITests.swift in Sources */,
				98A00ECE27D3349F0009B7AD /* ClockUITestsLaunchTests.swift in Sources */,
			);
			runOnlyForDeploymentPostprocessing = 0;
		};
/* End PBXSourcesBuildPhase section */

/* Begin PBXTargetDependency section */
		98A00EBF27D3349F0009B7AD /* PBXTargetDependency */ = {
			isa = PBXTargetDependency;
			target = 98A00EAB27D3349D0009B7AD /* Clock */;
			targetProxy = 98A00EBE27D3349F0009B7AD /* PBXContainerItemProxy */;
		};
		98A00EC927D3349F0009B7AD /* PBXTargetDependency */ = {
			isa = PBXTargetDependency;
			target = 98A00EAB27D3349D0009B7AD /* Clock */;
			targetProxy = 98A00EC827D3349F0009B7AD /* PBXContainerItemProxy */;
		};
/* End PBXTargetDependency section */

/* Begin PBXVariantGroup section */
		98A00EB527D3349E0009B7AD /* Main.storyboard */ = {
			isa = PBXVariantGroup;
			children = (
				98A00EB627D3349E0009B7AD /* Base */,
			);
			name = Main.storyboard;
			sourceTree = "<group>";
		};
/* End PBXVariantGroup section */

/* Begin XCBuildConfiguration section */
		98A00ECF27D3349F0009B7AD /* Debug */ = {
			isa = XCBuildConfiguration;
			buildSettings = {
				ALWAYS_SEARCH_USER_PATHS = NO;
				CLANG_ANALYZER_NONNULL = YES;
				CLANG_ANALYZER_NUMBER_OBJECT_CONVERSION = YES_AGGRESSIVE;
				CLANG_CXX_LANGUAGE_STANDARD = "gnu++17";
				CLANG_CXX_LIBRARY = "libc++";
				CLANG_ENABLE_MODULES = YES;
				CLANG_ENABLE_OBJC_ARC = YES;
				CLANG_ENABLE_OBJC_WEAK = YES;
				CLANG_WARN_BLOCK_CAPTURE_AUTORELEASING = YES;
				CLANG_WARN_BOOL_CONVERSION = YES;
				CLANG_WARN_COMMA = YES;
				CLANG_WARN_CONSTANT_CONVERSION = YES;
				CLANG_WARN_DEPRECATED_OBJC_IMPLEMENTATIONS = YES;
				CLANG_WARN_DIRECT_OBJC_ISA_USAGE = YES_ERROR;
				CLANG_WARN_DOCUMENTATION_COMMENTS = YES;
				CLANG_WARN_EMPTY_BODY = YES;
				CLANG_WARN_ENUM_CONVERSION = YES;
				CLANG_WARN_INFINITE_RECURSION = YES;
				CLANG_WARN_INT_CONVERSION = YES;
				CLANG_WARN_NON_LITERAL_NULL_CONVERSION = YES;
				CLANG_WARN_OBJC_IMPLICIT_RETAIN_SELF = YES;
				CLANG_WARN_OBJC_LITERAL_CONVERSION = YES;
				CLANG_WARN_OBJC_ROOT_CLASS = YES_ERROR;
				CLANG_WARN_QUOTED_INCLUDE_IN_FRAMEWORK_HEADER = YES;
				CLANG_WARN_RANGE_LOOP_ANALYSIS = YES;
				CLANG_WARN_STRICT_PROTOTYPES = YES;
				CLANG_WARN_SUSPICIOUS_MOVE = YES;
				CLANG_WARN_UNGUARDED_AVAILABILITY = YES_AGGRESSIVE;
				CLANG_WARN_UNREACHABLE_CODE = YES;
				CLANG_WARN__DUPLICATE_METHOD_MATCH = YES;
				COPY_PHASE_STRIP = NO;
				DEBUG_INFORMATION_FORMAT = dwarf;
				ENABLE_STRICT_OBJC_MSGSEND = YES;
				ENABLE_TESTABILITY = YES;
				GCC_C_LANGUAGE_STANDARD = gnu11;
				GCC_DYNAMIC_NO_PIC = NO;
				GCC_NO_COMMON_BLOCKS = YES;
				GCC_OPTIMIZATION_LEVEL = 0;
				GCC_PREPROCESSOR_DEFINITIONS = (
					"DEBUG=1",
					"$(inherited)",
				);
				GCC_WARN_64_TO_32_BIT_CONVERSION = YES;
				GCC_WARN_ABOUT_RETURN_TYPE = YES_ERROR;
				GCC_WARN_UNDECLARED_SELECTOR = YES;
				GCC_WARN_UNINITIALIZED_AUTOS = YES_AGGRESSIVE;
				GCC_WARN_UNUSED_FUNCTION = YES;
				GCC_WARN_UNUSED_VARIABLE = YES;
				MACOSX_DEPLOYMENT_TARGET = 12.0;
				MTL_ENABLE_DEBUG_INFO = INCLUDE_SOURCE;
				MTL_FAST_MATH = YES;
				ONLY_ACTIVE_ARCH = YES;
				SDKROOT = macosx;
				SWIFT_ACTIVE_COMPILATION_CONDITIONS = DEBUG;
				SWIFT_OPTIMIZATION_LEVEL = "-Onone";
			};
			name = Debug;
		};
		98A00ED027D3349F0009B7AD /* Release */ = {
			isa = XCBuildConfiguration;
			buildSettings = {
				ALWAYS_SEARCH_USER_PATHS = NO;
				CLANG_ANALYZER_NONNULL = YES;
				CLANG_ANALYZER_NUMBER_OBJECT_CONVERSION = YES_AGGRESSIVE;
				CLANG_CXX_LANGUAGE_STANDARD = "gnu++17";
				CLANG_CXX_LIBRARY = "libc++";
				CLANG_ENABLE_MODULES = YES;
				CLANG_ENABLE_OBJC_ARC = YES;
				CLANG_ENABLE_OBJC_WEAK = YES;
				CLANG_WARN_BLOCK_CAPTURE_AUTORELEASING = YES;
				CLANG_WARN_BOOL_CONVERSION = YES;
				CLANG_WARN_COMMA = YES;
				CLANG_WARN_CONSTANT_CONVERSION = YES;
				CLANG_WARN_DEPRECATED_OBJC_IMPLEMENTATIONS = YES;
				CLANG_WARN_DIRECT_OBJC_ISA_USAGE = YES_ERROR;
				CLANG_WARN_DOCUMENTATION_COMMENTS = YES;
				CLANG_WARN_EMPTY_BODY = YES;
				CLANG_WARN_ENUM_CONVERSION = YES;
				CLANG_WARN_INFINITE_RECURSION = YES;
				CLANG_WARN_INT_CONVERSION = YES;
				CLANG_WARN_NON_LITERAL_NULL_CONVERSION = YES;
				CLANG_WARN_OBJC_IMPLICIT_RETAIN_SELF = YES;
				CLANG_WARN_OBJC_LITERAL_CONVERSION = YES;
				CLANG_WARN_OBJC_ROOT_CLASS = YES_ERROR;
				CLANG_WARN_QUOTED_INCLUDE_IN_FRAMEWORK_HEADER = YES;
				CLANG_WARN_RANGE_LOOP_ANALYSIS = YES;
				CLANG_WARN_STRICT_PROTOTYPES = YES;
				CLANG_WARN_SUSPICIOUS_MOVE = YES;
				CLANG_WARN_UNGUARDED_AVAILABILITY = YES_AGGRESSIVE;
				CLANG_WARN_UNREACHABLE_CODE = YES;
				CLANG_WARN__DUPLICATE_METHOD_MATCH = YES;
				COPY_PHASE_STRIP = NO;
				DEBUG_INFORMATION_FORMAT = "dwarf-with-dsym";
				ENABLE_NS_ASSERTIONS = NO;
				ENABLE_STRICT_OBJC_MSGSEND = YES;
				GCC_C_LANGUAGE_STANDARD = gnu11;
				GCC_NO_COMMON_BLOCKS = YES;
				GCC_WARN_64_TO_32_BIT_CONVERSION = YES;
				GCC_WARN_ABOUT_RETURN_TYPE = YES_ERROR;
				GCC_WARN_UNDECLARED_SELECTOR = YES;
				GCC_WARN_UNINITIALIZED_AUTOS = YES_AGGRESSIVE;
				GCC_WARN_UNUSED_FUNCTION = YES;
				GCC_WARN_UNUSED_VARIABLE = YES;
				MACOSX_DEPLOYMENT_TARGET = 12.0;
				MTL_ENABLE_DEBUG_INFO = NO;
				MTL_FAST_MATH = YES;
				SDKROOT = macosx;
				SWIFT_COMPILATION_MODE = wholemodule;
				SWIFT_OPTIMIZATION_LEVEL = "-O";
			};
			name = Release;
		};
		98A00ED227D3349F0009B7AD /* Debug */ = {
			isa = XCBuildConfiguration;
			buildSettings = {
				ASSETCATALOG_COMPILER_APPICON_NAME = AppIcon;
				ASSETCATALOG_COMPILER_GLOBAL_ACCENT_COLOR_NAME = AccentColor;
				CODE_SIGN_ENTITLEMENTS = Clock/Clock.entitlements;
				CODE_SIGN_STYLE = Automatic;
				COMBINE_HIDPI_IMAGES = YES;
				CURRENT_PROJECT_VERSION = 1;
				DEVELOPMENT_TEAM = V237TD2AXA;
				ENABLE_HARDENED_RUNTIME = YES;
				GENERATE_INFOPLIST_FILE = YES;
				INFOPLIST_KEY_NSHumanReadableCopyright = "";
				INFOPLIST_KEY_NSMainStoryboardFile = Main;
				INFOPLIST_KEY_NSPrincipalClass = NSApplication;
				LD_RUNPATH_SEARCH_PATHS = (
					"$(inherited)",
					"@executable_path/../Frameworks",
				);
				MARKETING_VERSION = 1.0;
				PRODUCT_BUNDLE_IDENTIFIER = com.jjikkyu.Clock;
				PRODUCT_NAME = "$(TARGET_NAME)";
				SWIFT_EMIT_LOC_STRINGS = YES;
				SWIFT_VERSION = 5.0;
			};
			name = Debug;
		};
		98A00ED327D3349F0009B7AD /* Release */ = {
			isa = XCBuildConfiguration;
			buildSettings = {
				ASSETCATALOG_COMPILER_APPICON_NAME = AppIcon;
				ASSETCATALOG_COMPILER_GLOBAL_ACCENT_COLOR_NAME = AccentColor;
				CODE_SIGN_ENTITLEMENTS = Clock/Clock.entitlements;
				CODE_SIGN_STYLE = Automatic;
				COMBINE_HIDPI_IMAGES = YES;
				CURRENT_PROJECT_VERSION = 1;
				DEVELOPMENT_TEAM = V237TD2AXA;
				ENABLE_HARDENED_RUNTIME = YES;
				GENERATE_INFOPLIST_FILE = YES;
				INFOPLIST_KEY_NSHumanReadableCopyright = "";
				INFOPLIST_KEY_NSMainStoryboardFile = Main;
				INFOPLIST_KEY_NSPrincipalClass = NSApplication;
				LD_RUNPATH_SEARCH_PATHS = (
					"$(inherited)",
					"@executable_path/../Frameworks",
				);
				MARKETING_VERSION = 1.0;
				PRODUCT_BUNDLE_IDENTIFIER = com.jjikkyu.Clock;
				PRODUCT_NAME = "$(TARGET_NAME)";
				SWIFT_EMIT_LOC_STRINGS = YES;
				SWIFT_VERSION = 5.0;
			};
			name = Release;
		};
		98A00ED527D3349F0009B7AD /* Debug */ = {
			isa = XCBuildConfiguration;
			buildSettings = {
				ALWAYS_EMBED_SWIFT_STANDARD_LIBRARIES = YES;
				BUNDLE_LOADER = "$(TEST_HOST)";
				CODE_SIGN_STYLE = Automatic;
				CURRENT_PROJECT_VERSION = 1;
				DEVELOPMENT_TEAM = V237TD2AXA;
				GENERATE_INFOPLIST_FILE = YES;
				MACOSX_DEPLOYMENT_TARGET = 12.0;
				MARKETING_VERSION = 1.0;
				PRODUCT_BUNDLE_IDENTIFIER = com.jjikkyu.ClockTests;
				PRODUCT_NAME = "$(TARGET_NAME)";
				SWIFT_EMIT_LOC_STRINGS = NO;
				SWIFT_VERSION = 5.0;
				TEST_HOST = "$(BUILT_PRODUCTS_DIR)/Clock.app/Contents/MacOS/Clock";
			};
			name = Debug;
		};
		98A00ED627D3349F0009B7AD /* Release */ = {
			isa = XCBuildConfiguration;
			buildSettings = {
				ALWAYS_EMBED_SWIFT_STANDARD_LIBRARIES = YES;
				BUNDLE_LOADER = "$(TEST_HOST)";
				CODE_SIGN_STYLE = Automatic;
				CURRENT_PROJECT_VERSION = 1;
				DEVELOPMENT_TEAM = V237TD2AXA;
				GENERATE_INFOPLIST_FILE = YES;
				MACOSX_DEPLOYMENT_TARGET = 12.0;
				MARKETING_VERSION = 1.0;
				PRODUCT_BUNDLE_IDENTIFIER = com.jjikkyu.ClockTests;
				PRODUCT_NAME = "$(TARGET_NAME)";
				SWIFT_EMIT_LOC_STRINGS = NO;
				SWIFT_VERSION = 5.0;
				TEST_HOST = "$(BUILT_PRODUCTS_DIR)/Clock.app/Contents/MacOS/Clock";
			};
			name = Release;
		};
		98A00ED827D3349F0009B7AD /* Debug */ = {
			isa = XCBuildConfiguration;
			buildSettings = {
				ALWAYS_EMBED_SWIFT_STANDARD_LIBRARIES = YES;
				CODE_SIGN_STYLE = Automatic;
				CURRENT_PROJECT_VERSION = 1;
				DEVELOPMENT_TEAM = V237TD2AXA;
				GENERATE_INFOPLIST_FILE = YES;
				MARKETING_VERSION = 1.0;
				PRODUCT_BUNDLE_IDENTIFIER = com.jjikkyu.ClockUITests;
				PRODUCT_NAME = "$(TARGET_NAME)";
				SWIFT_EMIT_LOC_STRINGS = NO;
				SWIFT_VERSION = 5.0;
				TEST_TARGET_NAME = Clock;
			};
			name = Debug;
		};
		98A00ED927D3349F0009B7AD /* Release */ = {
			isa = XCBuildConfiguration;
			buildSettings = {
				ALWAYS_EMBED_SWIFT_STANDARD_LIBRARIES = YES;
				CODE_SIGN_STYLE = Automatic;
				CURRENT_PROJECT_VERSION = 1;
				DEVELOPMENT_TEAM = V237TD2AXA;
				GENERATE_INFOPLIST_FILE = YES;
				MARKETING_VERSION = 1.0;
				PRODUCT_BUNDLE_IDENTIFIER = com.jjikkyu.ClockUITests;
				PRODUCT_NAME = "$(TARGET_NAME)";
				SWIFT_EMIT_LOC_STRINGS = NO;
				SWIFT_VERSION = 5.0;
				TEST_TARGET_NAME = Clock;
			};
			name = Release;
		};
/* End XCBuildConfiguration section */

/* Begin XCConfigurationList section */
		98A00EA727D3349D0009B7AD /* Build configuration list for PBXProject "Clock" */ = {
			isa = XCConfigurationList;
			buildConfigurations = (
				98A00ECF27D3349F0009B7AD /* Debug */,
				98A00ED027D3349F0009B7AD /* Release */,
			);
			defaultConfigurationIsVisible = 0;
			defaultConfigurationName = Release;
		};
		98A00ED127D3349F0009B7AD /* Build configuration list for PBXNativeTarget "Clock" */ = {
			isa = XCConfigurationList;
			buildConfigurations = (
				98A00ED227D3349F0009B7AD /* Debug */,
				98A00ED327D3349F0009B7AD /* Release */,
			);
			defaultConfigurationIsVisible = 0;
			defaultConfigurationName = Release;
		};
		98A00ED427D3349F0009B7AD /* Build configuration list for PBXNativeTarget "ClockTests" */ = {
			isa = XCConfigurationList;
			buildConfigurations = (
				98A00ED527D3349F0009B7AD /* Debug */,
				98A00ED627D3349F0009B7AD /* Release */,
			);
			defaultConfigurationIsVisible = 0;
			defaultConfigurationName = Release;
		};
		98A00ED727D3349F0009B7AD /* Build configuration list for PBXNativeTarget "ClockUITests" */ = {
			isa = XCConfigurationList;
			buildConfigurations = (
				98A00ED827D3349F0009B7AD /* Debug */,
				98A00ED927D3349F0009B7AD /* Release */,
			);
			defaultConfigurationIsVisible = 0;
			defaultConfigurationName = Release;
		};
/* End XCConfigurationList section */
	};
	rootObject = 98A00EA427D3349D0009B7AD /* Project object */;
}
